{
    "_readme": [
        "This file locks the dependencies of your project to a known state",
        "Read more about it at https://getcomposer.org/doc/01-basic-usage.md#composer-lock-the-lock-file",
        "This file is @generated automatically"
    ],
<<<<<<< HEAD
    "content-hash": "9bcee7f7610547e63ddbbd81b696d753",
=======
    "content-hash": "b4b6853cb62df542ff104b4bf5bc16f8",
>>>>>>> 17860097a0e61232ef2e2ead88bb4ce3bdeb86f9
    "packages": [
        {
            "name": "dzer/coltaobao",
            "version": "2.1.2",
            "source": {
                "type": "git",
                "url": "https://github.com/dzer/coltaobao.git",
                "reference": "c11ef38a0b63647d409f0235123c077779638f1b"
            },
            "dist": {
                "type": "zip",
                "url": "https://files.phpcomposer.com/files/dzer/coltaobao/c11ef38a0b63647d409f0235123c077779638f1b.zip",
                "reference": "c11ef38a0b63647d409f0235123c077779638f1b",
                "shasum": ""
            },
            "require": {
                "php": ">=5.3.0"
            },
            "type": "library",
            "autoload": {
                "psr-4": {
                    "dzer\\coltaobao\\": "src/"
                }
            },
            "notification-url": "https://packagist.org/downloads/",
            "license": [
                "MIT"
            ],
            "authors": [
                {
                    "name": "dzer",
                    "email": "d20053140@gmail.com",
                    "homepage": "https://dzer.me"
                }
            ],
            "description": "采集淘宝天猫店铺商品信息",
            "homepage": "http://coltaobao.pupapi.com",
            "keywords": [
                "taobao",
                "淘宝",
                "采集"
            ],
            "time": "2017-03-13T09:27:23+00:00"
        },
        {
            "name": "electrolinux/phpquery",
            "version": "0.9.6",
            "source": {
                "type": "git",
                "url": "https://github.com/electrolinux/phpquery.git",
                "reference": "6cb8afcfe8cd4ce45f2f8c27d561383037c27a3a"
            },
            "dist": {
                "type": "zip",
                "url": "https://files.phpcomposer.com/files/electrolinux/phpquery/6cb8afcfe8cd4ce45f2f8c27d561383037c27a3a.zip",
                "reference": "6cb8afcfe8cd4ce45f2f8c27d561383037c27a3a",
                "shasum": ""
            },
            "type": "library",
            "autoload": {
                "classmap": [
                    "phpQuery/"
                ]
            },
            "notification-url": "https://packagist.org/downloads/",
            "license": [
                "MIT"
            ],
            "authors": [
                {
                    "name": "Tobiasz Cudnik",
                    "email": "tobiasz.cudnik@gmail.com",
                    "homepage": "https://github.com/TobiaszCudnik",
                    "role": "Developer"
                },
                {
                    "name": "didier Belot",
                    "role": "Packager"
                }
            ],
            "description": "phpQuery is a server-side, chainable, CSS3 selector driven Document Object Model (DOM) API based on jQuery JavaScript Library",
            "homepage": "http://code.google.com/p/phpquery/",
            "time": "2013-03-21T12:39:33+00:00"
        },
        {
            "name": "fabpot/goutte",
            "version": "v3.2.1",
            "source": {
                "type": "git",
                "url": "https://github.com/FriendsOfPHP/Goutte.git",
                "reference": "db5c28f4a010b4161d507d5304e28a7ebf211638"
            },
            "dist": {
                "type": "zip",
                "url": "https://files.phpcomposer.com/files/FriendsOfPHP/Goutte/db5c28f4a010b4161d507d5304e28a7ebf211638.zip",
                "reference": "db5c28f4a010b4161d507d5304e28a7ebf211638",
                "shasum": ""
            },
            "require": {
                "guzzlehttp/guzzle": "^6.0",
                "php": ">=5.5.0",
                "symfony/browser-kit": "~2.1|~3.0",
                "symfony/css-selector": "~2.1|~3.0",
                "symfony/dom-crawler": "~2.1|~3.0"
            },
            "type": "application",
            "extra": {
                "branch-alias": {
                    "dev-master": "3.2-dev"
                }
            },
            "autoload": {
                "psr-4": {
                    "Goutte\\": "Goutte"
                }
            },
            "notification-url": "https://packagist.org/downloads/",
            "license": [
                "MIT"
            ],
            "authors": [
                {
                    "name": "Fabien Potencier",
                    "email": "fabien@symfony.com"
                }
            ],
            "description": "A simple PHP Web Scraper",
            "homepage": "https://github.com/FriendsOfPHP/Goutte",
            "keywords": [
                "scraper"
            ],
            "time": "2017-01-03T13:21:43+00:00"
        },
        {
            "name": "guzzlehttp/guzzle",
            "version": "6.3.0",
            "source": {
                "type": "git",
                "url": "https://github.com/guzzle/guzzle.git",
                "reference": "f4db5a78a5ea468d4831de7f0bf9d9415e348699"
            },
            "dist": {
                "type": "zip",
                "url": "https://files.phpcomposer.com/files/guzzle/guzzle/f4db5a78a5ea468d4831de7f0bf9d9415e348699.zip",
                "reference": "f4db5a78a5ea468d4831de7f0bf9d9415e348699",
                "shasum": ""
            },
            "require": {
                "guzzlehttp/promises": "^1.0",
                "guzzlehttp/psr7": "^1.4",
                "php": ">=5.5"
            },
            "require-dev": {
                "ext-curl": "*",
                "phpunit/phpunit": "^4.0 || ^5.0",
                "psr/log": "^1.0"
            },
            "suggest": {
                "psr/log": "Required for using the Log middleware"
            },
            "type": "library",
            "extra": {
                "branch-alias": {
                    "dev-master": "6.2-dev"
                }
            },
            "autoload": {
                "files": [
                    "src/functions_include.php"
                ],
                "psr-4": {
                    "GuzzleHttp\\": "src/"
                }
            },
            "notification-url": "https://packagist.org/downloads/",
            "license": [
                "MIT"
            ],
            "authors": [
                {
                    "name": "Michael Dowling",
                    "email": "mtdowling@gmail.com",
                    "homepage": "https://github.com/mtdowling"
                }
            ],
            "description": "Guzzle is a PHP HTTP client library",
            "homepage": "http://guzzlephp.org/",
            "keywords": [
                "client",
                "curl",
                "framework",
                "http",
                "http client",
                "rest",
                "web service"
            ],
            "time": "2017-06-22T18:50:49+00:00"
        },
        {
            "name": "guzzlehttp/promises",
            "version": "v1.3.1",
            "source": {
                "type": "git",
                "url": "https://github.com/guzzle/promises.git",
                "reference": "a59da6cf61d80060647ff4d3eb2c03a2bc694646"
            },
            "dist": {
                "type": "zip",
                "url": "https://files.phpcomposer.com/files/guzzle/promises/a59da6cf61d80060647ff4d3eb2c03a2bc694646.zip",
                "reference": "a59da6cf61d80060647ff4d3eb2c03a2bc694646",
                "shasum": ""
            },
            "require": {
                "php": ">=5.5.0"
            },
            "require-dev": {
                "phpunit/phpunit": "^4.0"
            },
            "type": "library",
            "extra": {
                "branch-alias": {
                    "dev-master": "1.4-dev"
                }
            },
            "autoload": {
                "psr-4": {
                    "GuzzleHttp\\Promise\\": "src/"
                },
                "files": [
                    "src/functions_include.php"
                ]
            },
            "notification-url": "https://packagist.org/downloads/",
            "license": [
                "MIT"
            ],
            "authors": [
                {
                    "name": "Michael Dowling",
                    "email": "mtdowling@gmail.com",
                    "homepage": "https://github.com/mtdowling"
                }
            ],
            "description": "Guzzle promises library",
            "keywords": [
                "promise"
            ],
            "time": "2016-12-20T10:07:11+00:00"
        },
        {
            "name": "guzzlehttp/psr7",
            "version": "1.4.2",
            "source": {
                "type": "git",
                "url": "https://github.com/guzzle/psr7.git",
                "reference": "f5b8a8512e2b58b0071a7280e39f14f72e05d87c"
            },
            "dist": {
                "type": "zip",
                "url": "https://files.phpcomposer.com/files/guzzle/psr7/f5b8a8512e2b58b0071a7280e39f14f72e05d87c.zip",
                "reference": "f5b8a8512e2b58b0071a7280e39f14f72e05d87c",
                "shasum": ""
            },
            "require": {
                "php": ">=5.4.0",
                "psr/http-message": "~1.0"
            },
            "provide": {
                "psr/http-message-implementation": "1.0"
            },
            "require-dev": {
                "phpunit/phpunit": "~4.0"
            },
            "type": "library",
            "extra": {
                "branch-alias": {
                    "dev-master": "1.4-dev"
                }
            },
            "autoload": {
                "psr-4": {
                    "GuzzleHttp\\Psr7\\": "src/"
                },
                "files": [
                    "src/functions_include.php"
                ]
            },
            "notification-url": "https://packagist.org/downloads/",
            "license": [
                "MIT"
            ],
            "authors": [
                {
                    "name": "Michael Dowling",
                    "email": "mtdowling@gmail.com",
                    "homepage": "https://github.com/mtdowling"
                },
                {
                    "name": "Tobias Schultze",
                    "homepage": "https://github.com/Tobion"
                }
            ],
            "description": "PSR-7 message implementation that also provides common utility methods",
            "keywords": [
                "http",
                "message",
                "request",
                "response",
                "stream",
                "uri",
                "url"
            ],
            "time": "2017-03-20T17:10:46+00:00"
        },
        {
<<<<<<< HEAD
            "name": "jaeger/curlmulti",
            "version": "1.0",
=======
            "name": "jaeger/phpquery-single",
            "version": "0.9.7",
            "source": {
                "type": "git",
                "url": "https://github.com/jae-jae/phpQuery-single.git",
                "reference": "4b1dc2b2625a4a142f21a0b85a4254c327dfc5c4"
            },
            "dist": {
                "type": "zip",
                "url": "https://files.phpcomposer.com/files/jae-jae/phpQuery-single/4b1dc2b2625a4a142f21a0b85a4254c327dfc5c4.zip",
                "reference": "4b1dc2b2625a4a142f21a0b85a4254c327dfc5c4",
                "shasum": ""
            },
            "require": {
                "php": ">=5.3.0"
            },
            "type": "library",
            "autoload": {
                "classmap": [
                    "phpQuery.php"
                ]
            },
            "notification-url": "https://packagist.org/downloads/",
            "license": [
                "MIT"
            ],
            "authors": [
                {
                    "name": "Tobiasz Cudnik",
                    "email": "tobiasz.cudnik@gmail.com",
                    "homepage": "https://github.com/TobiaszCudnik",
                    "role": "Developer"
                },
                {
                    "name": "Jaeger",
                    "role": "Packager"
                }
            ],
            "description": "phpQuery单文件版本，是Querylist的依赖(http://querylist.cc/)，phpQuery项目主页:http://code.google.com/p/phpquery/",
            "homepage": "http://code.google.com/p/phpquery/",
            "time": "2016-01-02T17:34:12+00:00"
        },
        {
            "name": "jaeger/querylist",
            "version": "V3.2.1",
            "source": {
                "type": "git",
                "url": "https://github.com/jae-jae/QueryList.git",
                "reference": "1a7864dcf8d979d6d57a2a3508f2dd62ce3233d6"
            },
            "dist": {
                "type": "zip",
                "url": "https://files.phpcomposer.com/files/jae-jae/QueryList/1a7864dcf8d979d6d57a2a3508f2dd62ce3233d6.zip",
                "reference": "1a7864dcf8d979d6d57a2a3508f2dd62ce3233d6",
                "shasum": ""
            },
            "require": {
                "jaeger/phpquery-single": "^0.9",
                "php": ">=5.3.0"
            },
            "suggest": {
                "monolog/monolog": "Log support"
            },
            "type": "library",
            "autoload": {
                "psr-4": {
                    "QL\\": ""
                }
            },
            "notification-url": "https://packagist.org/downloads/",
            "license": [
                "MIT"
            ],
            "authors": [
                {
                    "name": "Jaeger",
                    "email": "JaegerCode@gmail.com"
                }
            ],
            "description": "QueryList是基于phpQuery的无比强大的PHP采集工具",
            "homepage": "http://querylist.cc",
            "keywords": [
                "QueryList",
                "phpQuery",
                "spider"
            ],
            "time": "2017-06-09T04:25:07+00:00"
        },
        {
            "name": "kiddyu/beanbun",
            "version": "1.0.4",
>>>>>>> 17860097a0e61232ef2e2ead88bb4ce3bdeb86f9
            "source": {
                "type": "git",
                "url": "https://github.com/jae-jae/CurlMulti.git",
                "reference": "059f13241e15ddfe6155c032ef765e58233a5aab"
            },
            "dist": {
                "type": "zip",
                "url": "https://files.phpcomposer.com/files/jae-jae/CurlMulti/059f13241e15ddfe6155c032ef765e58233a5aab.zip",
                "reference": "059f13241e15ddfe6155c032ef765e58233a5aab",
                "shasum": ""
            },
            "require": {
                "ext-curl": "*",
                "php": ">=5.1.0"
            },
            "type": "library",
            "autoload": {
                "psr-4": {
                    "QL\\Ext\\Lib\\": ""
                }
            },
            "notification-url": "https://packagist.org/downloads/",
            "license": [
                "Apache-2.0"
            ],
            "authors": [
                {
                    "name": "Ares",
                    "email": "admin@phpdr.net"
                }
            ],
            "description": "CurlMulti是PHP多线程类库,修改用于QueryList(http://querylist.cc ),CurlMulti项目地址:https://github.com/ares333/php-curlmulti",
            "time": "2015-12-23T16:28:22+00:00"
        },
        {
            "name": "jaeger/http",
            "version": "1.3",
            "source": {
                "type": "git",
                "url": "https://github.com/jae-jae/Http.git",
                "reference": "2fb9e6bde8c42e3851c7968bd00046c299e45b5e"
            },
            "dist": {
                "type": "zip",
                "url": "https://files.phpcomposer.com/files/jae-jae/Http/2fb9e6bde8c42e3851c7968bd00046c299e45b5e.zip",
                "reference": "2fb9e6bde8c42e3851c7968bd00046c299e45b5e",
                "shasum": ""
            },
            "require": {
                "ext-curl": "*",
                "php": ">=5.1.0"
            },
            "type": "library",
            "autoload": {
                "psr-4": {
                    "QL\\Ext\\Lib\\": ""
                }
            },
            "notification-url": "https://packagist.org/downloads/",
            "license": [
                "MIT"
            ],
            "description": "HTTP 请求类,修改用于QueryList(http://querylist.cc )",
            "time": "2017-07-25T07:15:08+00:00"
        },
        {
            "name": "jaeger/phpquery-single",
            "version": "0.9.7",
            "source": {
                "type": "git",
                "url": "https://github.com/jae-jae/phpQuery-single.git",
                "reference": "4b1dc2b2625a4a142f21a0b85a4254c327dfc5c4"
            },
            "dist": {
                "type": "zip",
                "url": "https://files.phpcomposer.com/files/jae-jae/phpQuery-single/4b1dc2b2625a4a142f21a0b85a4254c327dfc5c4.zip",
                "reference": "4b1dc2b2625a4a142f21a0b85a4254c327dfc5c4",
                "shasum": ""
            },
            "require": {
                "php": ">=5.3.0"
            },
            "type": "library",
            "autoload": {
                "classmap": [
                    "phpQuery.php"
                ]
            },
            "notification-url": "https://packagist.org/downloads/",
            "license": [
                "MIT"
            ],
            "authors": [
                {
                    "name": "Tobiasz Cudnik",
                    "email": "tobiasz.cudnik@gmail.com",
                    "homepage": "https://github.com/TobiaszCudnik",
                    "role": "Developer"
                },
                {
                    "name": "Jaeger",
                    "role": "Packager"
                }
            ],
            "description": "phpQuery单文件版本，是Querylist的依赖(http://querylist.cc/)，phpQuery项目主页:http://code.google.com/p/phpquery/",
            "homepage": "http://code.google.com/p/phpquery/",
            "time": "2016-01-02T17:34:12+00:00"
        },
        {
            "name": "jaeger/querylist",
            "version": "V3.2.1",
            "source": {
                "type": "git",
                "url": "https://github.com/jae-jae/QueryList.git",
                "reference": "1a7864dcf8d979d6d57a2a3508f2dd62ce3233d6"
            },
            "dist": {
                "type": "zip",
                "url": "https://files.phpcomposer.com/files/jae-jae/QueryList/1a7864dcf8d979d6d57a2a3508f2dd62ce3233d6.zip",
                "reference": "1a7864dcf8d979d6d57a2a3508f2dd62ce3233d6",
                "shasum": ""
            },
            "require": {
                "jaeger/phpquery-single": "^0.9",
                "php": ">=5.3.0"
            },
            "suggest": {
                "monolog/monolog": "Log support"
            },
            "type": "library",
            "autoload": {
                "psr-4": {
                    "QL\\": ""
                }
            },
            "notification-url": "https://packagist.org/downloads/",
            "license": [
                "MIT"
            ],
            "authors": [
                {
                    "name": "Jaeger",
                    "email": "JaegerCode@gmail.com"
                }
            ],
            "description": "QueryList是基于phpQuery的无比强大的PHP采集工具",
            "homepage": "http://querylist.cc",
            "keywords": [
                "QueryList",
                "phpQuery",
                "spider"
            ],
            "time": "2017-06-09T04:25:07+00:00"
        },
        {
            "name": "jaeger/querylist-ext-aquery",
            "version": "1.0.1",
            "source": {
                "type": "git",
                "url": "https://github.com/jae-jae/QueryList-Ext-AQuery.git",
                "reference": "bfbf417363bb8f0caec2573f02d24ba2e921aeef"
            },
            "dist": {
                "type": "zip",
                "url": "https://files.phpcomposer.com/files/jae-jae/QueryList-Ext-AQuery/bfbf417363bb8f0caec2573f02d24ba2e921aeef.zip",
                "reference": "bfbf417363bb8f0caec2573f02d24ba2e921aeef",
                "shasum": ""
            },
            "type": "library",
            "autoload": {
                "psr-4": {
                    "QL\\Ext\\": ""
                }
            },
            "notification-url": "https://packagist.org/downloads/",
            "license": [
                "MIT"
            ],
            "authors": [
                {
                    "name": "Jaeger",
                    "email": "hj.q@qq.com"
                }
            ],
            "description": "QueryList扩展，AQuery扩展基类",
            "time": "2016-01-06T07:51:20+00:00"
        },
        {
            "name": "jaeger/querylist-ext-dimage",
            "version": "1.1.1",
            "source": {
                "type": "git",
                "url": "https://github.com/jae-jae/QueryList-Ext-DImage.git",
                "reference": "620fa53e7c255860793d7897de7a5b7c7b8d674f"
            },
            "dist": {
                "type": "zip",
                "url": "https://files.phpcomposer.com/files/jae-jae/QueryList-Ext-DImage/620fa53e7c255860793d7897de7a5b7c7b8d674f.zip",
                "reference": "620fa53e7c255860793d7897de7a5b7c7b8d674f",
                "shasum": ""
            },
            "require": {
                "jaeger/http": "^1.0",
                "jaeger/querylist-ext-aquery": "^1.0"
            },
            "type": "library",
            "autoload": {
                "psr-4": {
                    "QL\\Ext\\": ""
                }
            },
            "notification-url": "https://packagist.org/downloads/",
            "license": [
                "MIT"
            ],
            "authors": [
                {
                    "name": "Jaeger",
                    "email": "hj.q@qq.com"
                }
            ],
            "description": "QueryList扩展，DImage图片下载扩展",
            "time": "2016-07-08T16:45:39+00:00"
        },
        {
            "name": "jaeger/querylist-ext-login",
            "version": "1.0",
            "source": {
                "type": "git",
                "url": "https://github.com/jae-jae/QueryList-Ext-Login.git",
                "reference": "4e1279ead32eea96b45f5cec64a9646573f646ce"
            },
            "dist": {
                "type": "zip",
                "url": "https://files.phpcomposer.com/files/jae-jae/QueryList-Ext-Login/4e1279ead32eea96b45f5cec64a9646573f646ce.zip",
                "reference": "4e1279ead32eea96b45f5cec64a9646573f646ce",
                "shasum": ""
            },
            "require": {
                "jaeger/querylist-ext-request": "^1.0"
            },
            "type": "library",
            "autoload": {
                "psr-4": {
                    "QL\\Ext\\": ""
                }
            },
            "notification-url": "https://packagist.org/downloads/",
            "license": [
                "MIT"
            ],
            "authors": [
                {
                    "name": "Jaeger",
                    "email": "hj.q@qq.com"
                }
            ],
            "description": "QueryList扩展，Login模拟登陆扩展",
            "time": "2015-12-28T06:42:48+00:00"
        },
        {
            "name": "jaeger/querylist-ext-multi",
            "version": "1.0",
            "source": {
                "type": "git",
                "url": "https://github.com/jae-jae/QueryList-Ext-Multi.git",
                "reference": "2c633480411b1cea31d93b2c1b754eb0bc79fea8"
            },
            "dist": {
                "type": "zip",
                "url": "https://files.phpcomposer.com/files/jae-jae/QueryList-Ext-Multi/2c633480411b1cea31d93b2c1b754eb0bc79fea8.zip",
                "reference": "2c633480411b1cea31d93b2c1b754eb0bc79fea8",
                "shasum": ""
            },
            "require": {
                "jaeger/curlmulti": "^1.0",
                "jaeger/querylist-ext-aquery": "^1.0"
            },
            "type": "library",
            "autoload": {
                "psr-4": {
                    "QL\\Ext\\": ""
                }
            },
            "notification-url": "https://packagist.org/downloads/",
            "license": [
                "MIT"
            ],
            "authors": [
                {
                    "name": "Jaeger",
                    "email": "hj.q@qq.com"
                }
            ],
            "description": "QueryList扩展，Multi多线程扩展",
            "time": "2015-12-28T06:09:36+00:00"
        },
        {
            "name": "jaeger/querylist-ext-request",
            "version": "1.0",
            "source": {
                "type": "git",
                "url": "https://github.com/jae-jae/QueryList-Ext-Request.git",
                "reference": "27d06b35fb810b919d242a3dbbdac0e1cb838bc4"
            },
            "dist": {
                "type": "zip",
                "url": "https://files.phpcomposer.com/files/jae-jae/QueryList-Ext-Request/27d06b35fb810b919d242a3dbbdac0e1cb838bc4.zip",
                "reference": "27d06b35fb810b919d242a3dbbdac0e1cb838bc4",
                "shasum": ""
            },
            "require": {
                "jaeger/http": "^1.0",
                "jaeger/querylist-ext-aquery": "^1.0"
            },
            "type": "library",
            "autoload": {
                "psr-4": {
                    "QL\\Ext\\": ""
                }
            },
            "notification-url": "https://packagist.org/downloads/",
            "license": [
                "MIT"
            ],
            "authors": [
                {
                    "name": "Jaeger",
                    "email": "hj.q@qq.com"
                }
            ],
            "description": "QueryList扩展，Request网络操作扩展",
            "time": "2015-12-28T06:24:02+00:00"
        },
        {
            "name": "owner888/phpspider",
            "version": "v2.0.7",
            "source": {
                "type": "git",
                "url": "https://github.com/owner888/phpspider.git",
                "reference": "7389e1d115ce2c3f59b6a03291a3c6c165d00754"
            },
            "dist": {
                "type": "zip",
                "url": "https://files.phpcomposer.com/files/owner888/phpspider/7389e1d115ce2c3f59b6a03291a3c6c165d00754.zip",
                "reference": "7389e1d115ce2c3f59b6a03291a3c6c165d00754",
                "shasum": ""
            },
            "require": {
                "php": ">=5.5.0"
            },
            "suggest": {
                "ext-pcntl、ext-redis": "For better performance. "
            },
            "type": "library",
            "autoload": {
                "psr-4": {
                    "phpspider\\": "./"
                }
            },
            "notification-url": "https://packagist.org/downloads/",
            "license": [
                "MIT"
            ],
            "authors": [
                {
                    "name": "Seatle Yang",
                    "email": "seatle@foxmail.com",
                    "homepage": "http://www.phpspider.org",
                    "role": "Developer"
                }
            ],
            "description": "The PHPSpider Framework.",
            "homepage": "http://www.phpspider.org",
            "keywords": [
                "framework",
                "phpspider"
            ],
            "time": "2017-08-12T08:36:28+00:00"
        },
        {
            "name": "psr/http-message",
            "version": "1.0.1",
            "source": {
                "type": "git",
                "url": "https://github.com/php-fig/http-message.git",
                "reference": "f6561bf28d520154e4b0ec72be95418abe6d9363"
            },
            "dist": {
                "type": "zip",
                "url": "https://files.phpcomposer.com/files/php-fig/http-message/f6561bf28d520154e4b0ec72be95418abe6d9363.zip",
                "reference": "f6561bf28d520154e4b0ec72be95418abe6d9363",
                "shasum": ""
            },
            "require": {
                "php": ">=5.3.0"
            },
            "type": "library",
            "extra": {
                "branch-alias": {
                    "dev-master": "1.0.x-dev"
                }
            },
            "autoload": {
                "psr-4": {
                    "Psr\\Http\\Message\\": "src/"
                }
            },
            "notification-url": "https://packagist.org/downloads/",
            "license": [
                "MIT"
            ],
            "authors": [
                {
                    "name": "PHP-FIG",
                    "homepage": "http://www.php-fig.org/"
                }
            ],
            "description": "Common interface for HTTP messages",
            "homepage": "https://github.com/php-fig/http-message",
            "keywords": [
                "http",
                "http-message",
                "psr",
                "psr-7",
                "request",
                "response"
            ],
            "time": "2016-08-06T14:39:51+00:00"
        },
        {
            "name": "symfony/browser-kit",
            "version": "v3.3.8",
            "source": {
                "type": "git",
                "url": "https://github.com/symfony/browser-kit.git",
                "reference": "aee7120b058c268363e606ff5fe8271da849a1b5"
            },
            "dist": {
                "type": "zip",
                "url": "https://files.phpcomposer.com/files/symfony/browser-kit/aee7120b058c268363e606ff5fe8271da849a1b5.zip",
                "reference": "aee7120b058c268363e606ff5fe8271da849a1b5",
                "shasum": ""
            },
            "require": {
                "php": "^5.5.9|>=7.0.8",
                "symfony/dom-crawler": "~2.8|~3.0"
            },
            "require-dev": {
                "symfony/css-selector": "~2.8|~3.0",
                "symfony/process": "~2.8|~3.0"
            },
            "suggest": {
                "symfony/process": ""
            },
            "type": "library",
            "extra": {
                "branch-alias": {
                    "dev-master": "3.3-dev"
                }
            },
            "autoload": {
                "psr-4": {
                    "Symfony\\Component\\BrowserKit\\": ""
                },
                "exclude-from-classmap": [
                    "/Tests/"
                ]
            },
            "notification-url": "https://packagist.org/downloads/",
            "license": [
                "MIT"
            ],
            "authors": [
                {
                    "name": "Fabien Potencier",
                    "email": "fabien@symfony.com"
                },
                {
                    "name": "Symfony Community",
                    "homepage": "https://symfony.com/contributors"
                }
            ],
            "description": "Symfony BrowserKit Component",
            "homepage": "https://symfony.com",
            "time": "2017-07-29T21:54:42+00:00"
        },
        {
            "name": "symfony/css-selector",
            "version": "v3.3.8",
            "source": {
                "type": "git",
                "url": "https://github.com/symfony/css-selector.git",
                "reference": "c5f5263ed231f164c58368efbce959137c7d9488"
            },
            "dist": {
                "type": "zip",
                "url": "https://files.phpcomposer.com/files/symfony/css-selector/c5f5263ed231f164c58368efbce959137c7d9488.zip",
                "reference": "c5f5263ed231f164c58368efbce959137c7d9488",
                "shasum": ""
            },
            "require": {
                "php": "^5.5.9|>=7.0.8"
            },
            "type": "library",
            "extra": {
                "branch-alias": {
                    "dev-master": "3.3-dev"
                }
            },
            "autoload": {
                "psr-4": {
                    "Symfony\\Component\\CssSelector\\": ""
                },
                "exclude-from-classmap": [
                    "/Tests/"
                ]
            },
            "notification-url": "https://packagist.org/downloads/",
            "license": [
                "MIT"
            ],
            "authors": [
                {
                    "name": "Jean-François Simon",
                    "email": "jeanfrancois.simon@sensiolabs.com"
                },
                {
                    "name": "Fabien Potencier",
                    "email": "fabien@symfony.com"
                },
                {
                    "name": "Symfony Community",
                    "homepage": "https://symfony.com/contributors"
                }
            ],
            "description": "Symfony CssSelector Component",
            "homepage": "https://symfony.com",
            "time": "2017-07-29T21:54:42+00:00"
        },
        {
            "name": "symfony/dom-crawler",
            "version": "v3.3.8",
            "source": {
                "type": "git",
                "url": "https://github.com/symfony/dom-crawler.git",
                "reference": "d15dfaf71b65bf3affb80900470caf4451a8217e"
            },
            "dist": {
                "type": "zip",
                "url": "https://files.phpcomposer.com/files/symfony/dom-crawler/d15dfaf71b65bf3affb80900470caf4451a8217e.zip",
                "reference": "d15dfaf71b65bf3affb80900470caf4451a8217e",
                "shasum": ""
            },
            "require": {
                "php": "^5.5.9|>=7.0.8",
                "symfony/polyfill-mbstring": "~1.0"
            },
            "require-dev": {
                "symfony/css-selector": "~2.8|~3.0"
            },
            "suggest": {
                "symfony/css-selector": ""
            },
            "type": "library",
            "extra": {
                "branch-alias": {
                    "dev-master": "3.3-dev"
                }
            },
            "autoload": {
                "psr-4": {
                    "Symfony\\Component\\DomCrawler\\": ""
                },
                "exclude-from-classmap": [
                    "/Tests/"
                ]
            },
            "notification-url": "https://packagist.org/downloads/",
            "license": [
                "MIT"
            ],
            "authors": [
                {
                    "name": "Fabien Potencier",
                    "email": "fabien@symfony.com"
                },
                {
                    "name": "Symfony Community",
                    "homepage": "https://symfony.com/contributors"
                }
            ],
            "description": "Symfony DomCrawler Component",
            "homepage": "https://symfony.com",
            "time": "2017-08-15T13:31:09+00:00"
        },
        {
            "name": "symfony/polyfill-mbstring",
            "version": "v1.5.0",
            "source": {
                "type": "git",
                "url": "https://github.com/symfony/polyfill-mbstring.git",
                "reference": "7c8fae0ac1d216eb54349e6a8baa57d515fe8803"
            },
            "dist": {
                "type": "zip",
                "url": "https://files.phpcomposer.com/files/symfony/polyfill-mbstring/7c8fae0ac1d216eb54349e6a8baa57d515fe8803.zip",
                "reference": "7c8fae0ac1d216eb54349e6a8baa57d515fe8803",
                "shasum": ""
            },
            "require": {
                "php": ">=5.3.3"
            },
            "suggest": {
                "ext-mbstring": "For best performance"
            },
            "type": "library",
            "extra": {
                "branch-alias": {
                    "dev-master": "1.5-dev"
                }
            },
            "autoload": {
                "psr-4": {
                    "Symfony\\Polyfill\\Mbstring\\": ""
                },
                "files": [
                    "bootstrap.php"
                ]
            },
            "notification-url": "https://packagist.org/downloads/",
            "license": [
                "MIT"
            ],
            "authors": [
                {
                    "name": "Nicolas Grekas",
                    "email": "p@tchwork.com"
                },
                {
                    "name": "Symfony Community",
                    "homepage": "https://symfony.com/contributors"
                }
            ],
            "description": "Symfony polyfill for the Mbstring extension",
            "homepage": "https://symfony.com",
            "keywords": [
                "compatibility",
                "mbstring",
                "polyfill",
                "portable",
                "shim"
            ],
            "time": "2017-06-14T15:44:48+00:00"
        },
        {
            "name": "symfony/process",
            "version": "v3.3.8",
            "source": {
                "type": "git",
                "url": "https://github.com/symfony/process.git",
                "reference": "b7666e9b438027a1ea0e1ee813ec5042d5d7f6f0"
            },
            "dist": {
                "type": "zip",
                "url": "https://files.phpcomposer.com/files/symfony/process/b7666e9b438027a1ea0e1ee813ec5042d5d7f6f0.zip",
                "reference": "b7666e9b438027a1ea0e1ee813ec5042d5d7f6f0",
                "shasum": ""
            },
            "require": {
                "php": "^5.5.9|>=7.0.8"
            },
            "type": "library",
            "extra": {
                "branch-alias": {
                    "dev-master": "3.3-dev"
                }
            },
            "autoload": {
                "psr-4": {
                    "Symfony\\Component\\Process\\": ""
                },
                "exclude-from-classmap": [
                    "/Tests/"
                ]
            },
            "notification-url": "https://packagist.org/downloads/",
            "license": [
                "MIT"
            ],
            "authors": [
                {
                    "name": "Fabien Potencier",
                    "email": "fabien@symfony.com"
                },
                {
                    "name": "Symfony Community",
                    "homepage": "https://symfony.com/contributors"
                }
            ],
            "description": "Symfony Process Component",
            "homepage": "https://symfony.com",
            "time": "2017-07-29T21:54:42+00:00"
        }
    ],
    "packages-dev": [],
    "aliases": [],
    "minimum-stability": "stable",
    "stability-flags": [],
    "prefer-stable": false,
    "prefer-lowest": false,
    "platform": [],
    "platform-dev": []
}
